
Microsoft Visual Studio Solution File, Format Version 12.00
# Visual Studio Version 16
VisualStudioVersion = 16.0.31321.278
MinimumVisualStudioVersion = 10.0.40219.1
Project("{8BC9CEB8-8B4A-11D0-8D11-00A0C91BC942}") = "GraphicsEngine", "GraphicsEngine\GraphicsEngine.vcxproj", "{9CB31A37-F761-4913-9985-EA8235F6CE96}"
EndProject
Project("{8BC9CEB8-8B4A-11D0-8D11-00A0C91BC942}") = "Game", "Game\Game.vcxproj", "{6489BAD2-E97A-49E8-962E-98F685CEA300}"
	ProjectSection(ProjectDependencies) = postProject
		{9CB31A37-F761-4913-9985-EA8235F6CE96} = {9CB31A37-F761-4913-9985-EA8235F6CE96}
	EndProjectSection
EndProject
Global
	GlobalSection(SolutionConfigurationPlatforms) = preSolution
		Debug|x64 = Debug|x64
		Debug|x86 = Debug|x86
		Release|x64 = Release|x64
		Release|x86 = Release|x86
	EndGlobalSection
	GlobalSection(ProjectConfigurationPlatforms) = postSolution
		{9CB31A37-F761-4913-9985-EA8235F6CE96}.Debug|x64.ActiveCfg = Debug|x64
		{9CB31A37-F761-4913-9985-EA8235F6CE96}.Debug|x64.Build.0 = Debug|x64
		{9CB31A37-F761-4913-9985-EA8235F6CE96}.Debug|x86.ActiveCfg = Debug|Win32
		{9CB31A37-F761-4913-9985-EA8235F6CE96}.Debug|x86.Build.0 = Debug|Win32
		{9CB31A37-F761-4913-9985-EA8235F6CE96}.Release|x64.ActiveCfg = Release|x64
		{9CB31A37-F761-4913-9985-EA8235F6CE96}.Release|x64.Build.0 = Release|x64
		{9CB31A37-F761-4913-9985-EA8235F6CE96}.Release|x86.ActiveCfg = Release|Win32
		{9CB31A37-F761-4913-9985-EA8235F6CE96}.Release|x86.Build.0 = Release|Win32
		{6489BAD2-E97A-49E8-962E-98F685CEA300}.Debug|x64.ActiveCfg = Debug|x64
		{6489BAD2-E97A-49E8-962E-98F685CEA300}.Debug|x64.Build.0 = Debug|x64
		{6489BAD2-E97A-49E8-962E-98F685CEA300}.Debug|x86.ActiveCfg = Debug|Win32
		{6489BAD2-E97A-49E8-962E-98F685CEA300}.Debug|x86.Build.0 = Debug|Win32
		{6489BAD2-E97A-49E8-962E-98F685CEA300}.Release|x64.ActiveCfg = Release|x64
		{6489BAD2-E97A-49E8-962E-98F685CEA300}.Release|x64.Build.0 = Release|x64
		{6489BAD2-E97A-49E8-962E-98F685CEA300}.Release|x86.ActiveCfg = Release|Win32
		{6489BAD2-E97A-49E8-962E-98F685CEA300}.Release|x86.Build.0 = Release|Win32
	EndGlobalSection
	GlobalSection(SolutionProperties) = preSolution
		HideSolutionNode = FALSE
	EndGlobalSection
	GlobalSection(ExtensibilityGlobals) = postSolution
		SolutionGuid = {6C10727B-4480-4602-8220-C669403BF4FB}
	EndGlobalSection
EndGlobal
